{
    "_meta": {
        "hash": {
            "sha256": "c582a01b140d6034479cba48b6b021be54997bd8dfe262841d28ba9c147a1940"
        },
        "pipfile-spec": 6,
        "requires": {
            "python_version": "3.10"
        },
        "sources": [
            {
                "name": "pypi",
                "url": "https://pypi.org/simple",
                "verify_ssl": true
            }
        ]
    },
    "default": {
        "certifi": {
            "hashes": [
                "sha256:539cc1d13202e33ca466e88b2807e29f4c13049d6d87031a3c110744495cb082",
                "sha256:92d6037539857d8206b8f6ae472e8b77db8058fec5937a1ef3f54304089edbb9"
            ],
            "markers": "python_version >= '3.6'",
            "version": "==2023.7.22"
        },
        "charset-normalizer": {
            "hashes": [
                "sha256:04e57ab9fbf9607b77f7d057974694b4f6b142da9ed4a199859d9d4d5c63fe96",
                "sha256:09393e1b2a9461950b1c9a45d5fd251dc7c6f228acab64da1c9c0165d9c7765c",
                "sha256:0b87549028f680ca955556e3bd57013ab47474c3124dc069faa0b6545b6c9710",
                "sha256:1000fba1057b92a65daec275aec30586c3de2401ccdcd41f8a5c1e2c87078706",
                "sha256:1249cbbf3d3b04902ff081ffbb33ce3377fa6e4c7356f759f3cd076cc138d020",
                "sha256:1920d4ff15ce893210c1f0c0e9d19bfbecb7983c76b33f046c13a8ffbd570252",
                "sha256:193cbc708ea3aca45e7221ae58f0fd63f933753a9bfb498a3b474878f12caaad",
                "sha256:1a100c6d595a7f316f1b6f01d20815d916e75ff98c27a01ae817439ea7726329",
                "sha256:1f30b48dd7fa1474554b0b0f3fdfdd4c13b5c737a3c6284d3cdc424ec0ffff3a",
                "sha256:203f0c8871d5a7987be20c72442488a0b8cfd0f43b7973771640fc593f56321f",
                "sha256:246de67b99b6851627d945db38147d1b209a899311b1305dd84916f2b88526c6",
                "sha256:2dee8e57f052ef5353cf608e0b4c871aee320dd1b87d351c28764fc0ca55f9f4",
                "sha256:2efb1bd13885392adfda4614c33d3b68dee4921fd0ac1d3988f8cbb7d589e72a",
                "sha256:2f4ac36d8e2b4cc1aa71df3dd84ff8efbe3bfb97ac41242fbcfc053c67434f46",
                "sha256:3170c9399da12c9dc66366e9d14da8bf7147e1e9d9ea566067bbce7bb74bd9c2",
                "sha256:3b1613dd5aee995ec6d4c69f00378bbd07614702a315a2cf6c1d21461fe17c23",
                "sha256:3bb3d25a8e6c0aedd251753a79ae98a093c7e7b471faa3aa9a93a81431987ace",
                "sha256:3bb7fda7260735efe66d5107fb7e6af6a7c04c7fce9b2514e04b7a74b06bf5dd",
                "sha256:41b25eaa7d15909cf3ac4c96088c1f266a9a93ec44f87f1d13d4a0e86c81b982",
                "sha256:45de3f87179c1823e6d9e32156fb14c1927fcc9aba21433f088fdfb555b77c10",
                "sha256:46fb8c61d794b78ec7134a715a3e564aafc8f6b5e338417cb19fe9f57a5a9bf2",
                "sha256:48021783bdf96e3d6de03a6e39a1171ed5bd7e8bb93fc84cc649d11490f87cea",
                "sha256:4957669ef390f0e6719db3613ab3a7631e68424604a7b448f079bee145da6e09",
                "sha256:5e86d77b090dbddbe78867a0275cb4df08ea195e660f1f7f13435a4649e954e5",
                "sha256:6339d047dab2780cc6220f46306628e04d9750f02f983ddb37439ca47ced7149",
                "sha256:681eb3d7e02e3c3655d1b16059fbfb605ac464c834a0c629048a30fad2b27489",
                "sha256:6c409c0deba34f147f77efaa67b8e4bb83d2f11c8806405f76397ae5b8c0d1c9",
                "sha256:7095f6fbfaa55defb6b733cfeb14efaae7a29f0b59d8cf213be4e7ca0b857b80",
                "sha256:70c610f6cbe4b9fce272c407dd9d07e33e6bf7b4aa1b7ffb6f6ded8e634e3592",
                "sha256:72814c01533f51d68702802d74f77ea026b5ec52793c791e2da806a3844a46c3",
                "sha256:7a4826ad2bd6b07ca615c74ab91f32f6c96d08f6fcc3902ceeedaec8cdc3bcd6",
                "sha256:7c70087bfee18a42b4040bb9ec1ca15a08242cf5867c58726530bdf3945672ed",
                "sha256:855eafa5d5a2034b4621c74925d89c5efef61418570e5ef9b37717d9c796419c",
                "sha256:8700f06d0ce6f128de3ccdbc1acaea1ee264d2caa9ca05daaf492fde7c2a7200",
                "sha256:89f1b185a01fe560bc8ae5f619e924407efca2191b56ce749ec84982fc59a32a",
                "sha256:8b2c760cfc7042b27ebdb4a43a4453bd829a5742503599144d54a032c5dc7e9e",
                "sha256:8c2f5e83493748286002f9369f3e6607c565a6a90425a3a1fef5ae32a36d749d",
                "sha256:8e098148dd37b4ce3baca71fb394c81dc5d9c7728c95df695d2dca218edf40e6",
                "sha256:94aea8eff76ee6d1cdacb07dd2123a68283cb5569e0250feab1240058f53b623",
                "sha256:95eb302ff792e12aba9a8b8f8474ab229a83c103d74a750ec0bd1c1eea32e669",
                "sha256:9bd9b3b31adcb054116447ea22caa61a285d92e94d710aa5ec97992ff5eb7cf3",
                "sha256:9e608aafdb55eb9f255034709e20d5a83b6d60c054df0802fa9c9883d0a937aa",
                "sha256:a103b3a7069b62f5d4890ae1b8f0597618f628b286b03d4bc9195230b154bfa9",
                "sha256:a386ebe437176aab38c041de1260cd3ea459c6ce5263594399880bbc398225b2",
                "sha256:a38856a971c602f98472050165cea2cdc97709240373041b69030be15047691f",
                "sha256:a401b4598e5d3f4a9a811f3daf42ee2291790c7f9d74b18d75d6e21dda98a1a1",
                "sha256:a7647ebdfb9682b7bb97e2a5e7cb6ae735b1c25008a70b906aecca294ee96cf4",
                "sha256:aaf63899c94de41fe3cf934601b0f7ccb6b428c6e4eeb80da72c58eab077b19a",
                "sha256:b0dac0ff919ba34d4df1b6131f59ce95b08b9065233446be7e459f95554c0dc8",
                "sha256:baacc6aee0b2ef6f3d308e197b5d7a81c0e70b06beae1f1fcacffdbd124fe0e3",
                "sha256:bf420121d4c8dce6b889f0e8e4ec0ca34b7f40186203f06a946fa0276ba54029",
                "sha256:c04a46716adde8d927adb9457bbe39cf473e1e2c2f5d0a16ceb837e5d841ad4f",
                "sha256:c0b21078a4b56965e2b12f247467b234734491897e99c1d51cee628da9786959",
                "sha256:c1c76a1743432b4b60ab3358c937a3fe1341c828ae6194108a94c69028247f22",
                "sha256:c4983bf937209c57240cff65906b18bb35e64ae872da6a0db937d7b4af845dd7",
                "sha256:c4fb39a81950ec280984b3a44f5bd12819953dc5fa3a7e6fa7a80db5ee853952",
                "sha256:c57921cda3a80d0f2b8aec7e25c8aa14479ea92b5b51b6876d975d925a2ea346",
                "sha256:c8063cf17b19661471ecbdb3df1c84f24ad2e389e326ccaf89e3fb2484d8dd7e",
                "sha256:ccd16eb18a849fd8dcb23e23380e2f0a354e8daa0c984b8a732d9cfaba3a776d",
                "sha256:cd6dbe0238f7743d0efe563ab46294f54f9bc8f4b9bcf57c3c666cc5bc9d1299",
                "sha256:d62e51710986674142526ab9f78663ca2b0726066ae26b78b22e0f5e571238dd",
                "sha256:db901e2ac34c931d73054d9797383d0f8009991e723dab15109740a63e7f902a",
                "sha256:e03b8895a6990c9ab2cdcd0f2fe44088ca1c65ae592b8f795c3294af00a461c3",
                "sha256:e1c8a2f4c69e08e89632defbfabec2feb8a8d99edc9f89ce33c4b9e36ab63037",
                "sha256:e4b749b9cc6ee664a3300bb3a273c1ca8068c46be705b6c31cf5d276f8628a94",
                "sha256:e6a5bf2cba5ae1bb80b154ed68a3cfa2fa00fde979a7f50d6598d3e17d9ac20c",
                "sha256:e857a2232ba53ae940d3456f7533ce6ca98b81917d47adc3c7fd55dad8fab858",
                "sha256:ee4006268ed33370957f55bf2e6f4d263eaf4dc3cfc473d1d90baff6ed36ce4a",
                "sha256:eef9df1eefada2c09a5e7a40991b9fc6ac6ef20b1372abd48d2794a316dc0449",
                "sha256:f058f6963fd82eb143c692cecdc89e075fa0828db2e5b291070485390b2f1c9c",
                "sha256:f25c229a6ba38a35ae6e25ca1264621cc25d4d38dca2942a7fce0b67a4efe918",
                "sha256:f2a1d0fd4242bd8643ce6f98927cf9c04540af6efa92323e9d3124f57727bfc1",
                "sha256:f7560358a6811e52e9c4d142d497f1a6e10103d3a6881f18d04dbce3729c0e2c",
                "sha256:f779d3ad205f108d14e99bb3859aa7dd8e9c68874617c72354d7ecaec2a054ac",
                "sha256:f87f746ee241d30d6ed93969de31e5ffd09a2961a051e60ae6bddde9ec3583aa"
            ],
            "markers": "python_full_version >= '3.7.0'",
            "version": "==3.2.0"
        },
        "defusedxml": {
            "hashes": [
                "sha256:1bb3032db185915b62d7c6209c5a8792be6a32ab2fedacc84e01b52c51aa3e69",
                "sha256:a352e7e428770286cc899e2542b6cdaedb2b4953ff269a210103ec58f6198a61"
            ],
            "markers": "python_version >= '2.7' and python_version not in '3.0, 3.1, 3.2, 3.3, 3.4'",
            "version": "==0.7.1"
        },
        "django": {
            "hashes": [
                "sha256:16040e1288c6c9f68c6da2fe75ebde83c0a158f6f5d54f4c5177b0c1478c5b86",
                "sha256:89c2007ca4fa5b351a51a279eccff298520783b713bf28efb89dfb81c80ea49b"
            ],
            "index": "pypi",
            "markers": "python_version >= '3.5'",
            "version": "==2.2.7"
        },
        "django-allauth": {
            "hashes": [
                "sha256:6a189fc4d3ee23596c3fd6e9f49c59b5b15618980118171a50675dd6a27cc589"
            ],
            "index": "pypi",
            "version": "==0.40.0"
        },
        "django-crispy-forms": {
            "hashes": [
                "sha256:0320b303420fec9ce94e045321dfd180ca0e31e0336211c5d30ad0bda5ebbb5d",
                "sha256:22b6634e3a6316623e4eb062527fe5be5f97ea8b83020c65bcd8fac4747807b5"
            ],
            "index": "pypi",
            "version": "==1.8.0"
        },
        "idna": {
            "hashes": [
                "sha256:814f528e8dead7d329833b91c5faa87d60bf71824cd12a7530b5526063d02cb4",
                "sha256:90b77e79eaa3eba6de819a0c442c0b4ceefc341a7a2ab77d7562bf49f425c5c2"
            ],
            "markers": "python_version >= '3.5'",
            "version": "==3.4"
        },
        "oauthlib": {
            "hashes": [
                "sha256:8139f29aac13e25d502680e9e19963e83f16838d48a0d71c287fe40e7067fbca",
                "sha256:9859c40929662bec5d64f34d01c99e093149682a3f38915dc0655d5a633dd918"
            ],
            "markers": "python_version >= '3.6'",
            "version": "==3.2.2"
        },
        "psycopg2-binary": {
            "hashes": [
                "sha256:02cde837df012fa5d579b9cf4bc8e1feb460f38d61f7a4ab4a919d55a9f6eeef",
                "sha256:044b6ab68613de7ea1e63856627deea091bfea09dea5ab4f050b13250fd18cab",
                "sha256:0a9465f0aa36480c8e7614991cbe8ca8aa16b0517c5398a49648ce345e446c19",
                "sha256:0d8e0c9eec79fe1ae66691e06e3cc714da6fbd77981209bf32fa823c03dbaff8",
                "sha256:0eae72190be519bf2629062eab7ac8d4ceec5bd132953cefa1596584d86964fe",
                "sha256:15e0ac0ed8a85f6049e836e95ddee627766561c85be8d23f4b3edb6ddbaa7310",
                "sha256:161dc52a617f0bb610a87d391cb2e77fe65b89ebfbd752f4f3217dde701ea196",
                "sha256:181ac372a5a5308b4076933601a9b5f0cd139b389b0aa5e164786a2abbcdb978",
                "sha256:1c22c59ab7d9dc110d409445f111f58556bf699b0548f3fc5176684a29c629c4",
                "sha256:226f11be577b70a57f4910c0ee28591d4d9fcb3d455e966267179156ae2e0c41",
                "sha256:24d627ed69e754c48dd142a914124858c600b4108c92546eb0ba822e63c0c6e2",
                "sha256:2535f44b00f26f6af0e949c825e6aecb9adcb56c965c17af5b97137fb69f00c0",
                "sha256:25e0517ad7ee3c5c3c69dbe3c1d95504c811e42f452b39a3505d0763b1f6caa0",
                "sha256:2903bf90b1e6bfc9bbfc94a1db0b50ffa9830a0ca4c042fbc38d93890c02ce08",
                "sha256:2f1ded23d17af0d738e7e78087f0b88a53228887845b1989b03af4dfd3fef703",
                "sha256:30200b07779446760813eef06098ec6d084131e4365b4e023eb43100de758b11",
                "sha256:33ac8b4754e6b6b21f3ee180da169d8526d91aee9408ec1fc573c16ab32b0207",
                "sha256:34fd249275faa782c3a2016e86ac2330636ac58d731a1580e7d686e3976b9536",
                "sha256:44f5dc9b4384bafca8429759ce76c8960ffc2b583fcad9e5dfb3e5f4894269e4",
                "sha256:451550e0bb5889bbabbf92575a6d6eafced941cc28c86be6ae4667f81bf32d67",
                "sha256:52383e932e6de5595963f9178cf2af7b9e1f3daacf5135b9c0e21aabbc5bf7c4",
                "sha256:55137faec669c4277c5687c6ce7c1fbc4dece0e2f14256ee808f4a652f0a2170",
                "sha256:576b9dfbcd154a0e8b5d9dae6316d037450e64a3b31df87dec71d88e2a2d5e5f",
                "sha256:59a3010d566a48b919490a982f6807f68842686941dc12d568e129d9cd7703d6",
                "sha256:61c6a258469c66412ae8358a0501df6ccb3bb48aa9c43b56624571ff9767f91d",
                "sha256:63edc507f8cbfbb5903adb75bad8a99f9798981c854df9119dbebab2ec3ee0e1",
                "sha256:65d5f4e70a2d3fbaa1349236968792611088f3f2dccead36c1626e1d183cc327",
                "sha256:6a1618260a112a9c93504511f0b6254b4402a8c41b7130dc6d4c9e39aff3aa0c",
                "sha256:704f1fcdc5b606b70563ea696c69bda90caee3a2f45ffc9cee60a901b394a79f",
                "sha256:7751b11cd7f6b952b4b5ec5b93b5be9ce20faba786c18c25c354f5d8717a173c",
                "sha256:7ad9d032dc1a31a86ca7b059f43554a049a2bfda8fe32d1492ad25f6686aff03",
                "sha256:7b01d07006a0ac2216921b69a220b9f0974345d0b1b36efaeabdc7550b1cc4f8",
                "sha256:7b47643c45e7619788c081d42e1d9d98c7c8a4933010a9967d097cc3c4c29f41",
                "sha256:80ed219ce6cb21a5b53ead0edf5b56b6d23de4cb95389ac606f47670474f4816",
                "sha256:82df4a8600999c4c0cb7d6614df1bbdb3c74732f63e79f78487893ffbed3d083",
                "sha256:8660112e9127a019969a23c878e1b4a419e8a6427f9a9050c19830f152628c8a",
                "sha256:89a86c2b35460700d04b4d6461153ab39ee85af5a5385acac9563a8310e6320a",
                "sha256:8d7bc25729bb6d96b44f49ad78fde0e27a1a867cb205322b7e5f5b49e04d6f1f",
                "sha256:97e4f3d9b17d12e7c00cb1c29c0040044135cd5146838da4274615dbe0baae78",
                "sha256:a431deb6ffdfa551f7400b3a94fa4b964837e67f49e3c37aa26d90dc75970816",
                "sha256:a6a2d3d75d8698dee492f4af7ad07606d0734e581edf9e2ce2f74b6fce90f42e",
                "sha256:ae5b41dbf7731b838021923edfbe3b5ccdec84d92d5795f5229c0d08d32509d9",
                "sha256:aff258af03dda9a990960a53759d10c3a9b936837c71fe2f3b581acd356b9121",
                "sha256:b216a15e13f6e763db40ac3beb74b588650bc030d10a78fde182b88d273b82b5",
                "sha256:b23b25b1243576b952689966205ef7d4285688068b966a1ca0e620bcb390d483",
                "sha256:b896637091cde69d170a89253dde9aee814b25ca204b7e213fd0a6462e666638",
                "sha256:d5f27b1d1b56470385faa2b2636fcb823e7ac5b5b734e0aa76b14637c66eb3b7",
                "sha256:d6ba33f39436191ece7ea2b3d0b4dff00af71acd5c6e6f1d6b7563aa7286e9f2",
                "sha256:d6c5e1df6f427d7a82606cf8f07cf3ba9fb3f366804b01e65f1f00f8df6b54f1",
                "sha256:e02f77b620ad6b36564fe41980865436912e21a3b1138cdde175cf24afde1bc5",
                "sha256:e72491d72870c3cb2f0d6f4174485533caec0e9ed7e717e2859b7cc7ff2ae1c4",
                "sha256:ea8d5cd689fa7225d81ae0a049ba03e0165f4ed9ca083b19a405be9ad0b36845",
                "sha256:eb5341fc7c53fdd95ac2415be77b1de854ab266488cff71174ebb007baf0e675",
                "sha256:edf0a66ce9517365c7dcfed597894d8dd1f27b59e550b77a089054101435213b",
                "sha256:f225784812b2b57d340f2eb0d2cebef989dcc82c288f5553e28ee9767c7c8344",
                "sha256:f5fbb3b325c65010e04af206a9243e2df8606736c510c7f268aca6a93e5294a9",
                "sha256:f78cafa25731e0b5aa16fe20bea1abf643d4e853f6bfb8a64421b06b878e2b88",
                "sha256:fb639a0e65dce4a9cccbcbdd8ddd0c8c6ab10bca317b827a5c52ac3c3a4ad60a",
                "sha256:ffb2f288f577a748cc23c65a818290755a4c2da1f87a40d7055b61a096d31e20"
            ],
            "index": "pypi",
            "markers": "python_version >= '3.6'",
            "version": "==2.9.4"
        },
        "python3-openid": {
            "hashes": [
                "sha256:33fbf6928f401e0b790151ed2b5290b02545e8775f982485205a066f874aaeaf",
                "sha256:6626f771e0417486701e0b4daff762e7212e820ca5b29fcc0d05f6f8736dfa6b"
            ],
            "version": "==3.2.0"
        },
        "pytz": {
            "hashes": [
                "sha256:7b4fddbeb94a1eba4b557da24f19fdf9db575192544270a9101d8509f9f43d7b",
                "sha256:ce42d816b81b68506614c11e8937d3aa9e41007ceb50bfdcb0749b921bf646c7"
            ],
            "version": "==2023.3.post1"
        },
        "requests": {
            "hashes": [
                "sha256:58cd2187c01e70e6e26505bca751777aa9f2ee0b7f4300988b709f44e013003f",
                "sha256:942c5a758f98d790eaed1a29cb6eefc7ffb0d1cf7af05c3d2791656dbd6ad1e1"
            ],
            "markers": "python_version >= '3.7'",
            "version": "==2.31.0"
        },
        "requests-oauthlib": {
            "hashes": [
                "sha256:2577c501a2fb8d05a304c09d090d6e47c306fef15809d102b327cf8364bddab5",
                "sha256:75beac4a47881eeb94d5ea5d6ad31ef88856affe2332b9aafb52c6452ccf0d7a"
            ],
            "markers": "python_version >= '2.7' and python_version not in '3.0, 3.1, 3.2, 3.3'",
            "version": "==1.3.1"
        },
        "sqlparse": {
            "hashes": [
                "sha256:5430a4fe2ac7d0f93e66f1efc6e1338a41884b7ddf2a350cedd20ccc4d9d28f3",
                "sha256:d446183e84b8349fa3061f0fe7f06ca94ba65b426946ffebe6e3e8295332420c"
            ],
            "markers": "python_version >= '3.5'",
            "version": "==0.4.4"
        },
        "urllib3": {
            "hashes": [
                "sha256:13abf37382ea2ce6fb744d4dad67838eec857c9f4f57009891805e0b5e123594",
                "sha256:ef16afa8ba34a1f989db38e1dbbe0c302e4289a47856990d0682e374563ce35e"
            ],
            "markers": "python_version >= '3.7'",
            "version": "==2.0.5"
        }
    },
    "develop": {}
}
